
Microsoft Visual Studio Solution File, Format Version 12.00
# Visual Studio Version 17
VisualStudioVersion = 17.4.33205.214
MinimumVisualStudioVersion = 10.0.40219.1
Project("{FAE04EC0-301F-11D3-BF4B-00C04F79EFBC}") = "Assignment23", "Assignment23.csproj", "{C79FE664-4367-4560-A507-A6544873E3AD}"
EndProject
Global
	GlobalSection(SolutionConfigurationPlatforms) = preSolution
		Debug|Any CPU = Debug|Any CPU
		Release|Any CPU = Release|Any CPU
	EndGlobalSection
	GlobalSection(ProjectConfigurationPlatforms) = postSolution
		{C79FE664-4367-4560-A507-A6544873E3AD}.Debug|Any CPU.ActiveCfg = Debug|Any CPU
		{C79FE664-4367-4560-A507-A6544873E3AD}.Debug|Any CPU.Build.0 = Debug|Any CPU
		{C79FE664-4367-4560-A507-A6544873E3AD}.Release|Any CPU.ActiveCfg = Release|Any CPU
		{C79FE664-4367-4560-A507-A6544873E3AD}.Release|Any CPU.Build.0 = Release|Any CPU
	EndGlobalSection
	GlobalSection(SolutionProperties) = preSolution
		HideSolutionNode = FALSE
	EndGlobalSection
	GlobalSection(ExtensibilityGlobals) = postSolution
		SolutionGuid = {E6F89E76-5D53-4185-8E08-3DD5B5AA2153}
	EndGlobalSection
EndGlobal
